
Microsoft Visual Studio Solution File, Format Version 12.00
# Visual Studio 15
VisualStudioVersion = 15.0.26730.12
MinimumVisualStudioVersion = 10.0.40219.1
Project("{FAE04EC0-301F-11D3-BF4B-00C04F79EFBC}") = "Mag-Filter", "Mag-Filter.csproj", "{357BEB06-5599-4E29-A147-309EE255C10A}"
EndProject
Project("{2150E333-8FDC-42A3-9474-1A3956D46DE8}") = ".nuget", ".nuget", "{8F6B7D11-AB9C-4818-950D-858EF1DF87DE}"
	ProjectSection(SolutionItems) = preProject
		.nuget\packages.config = .nuget\packages.config
	EndProjectSection
EndProject
Global
	GlobalSection(SolutionConfigurationPlatforms) = preSolution
		Debug|Any CPU = Debug|Any CPU
		Release|Any CPU = Release|Any CPU
	EndGlobalSection
	GlobalSection(ProjectConfigurationPlatforms) = postSolution
		{357BEB06-5599-4E29-A147-309EE255C10A}.Debug|Any CPU.ActiveCfg = Debug|Any CPU
		{357BEB06-5599-4E29-A147-309EE255C10A}.Debug|Any CPU.Build.0 = Debug|Any CPU
		{357BEB06-5599-4E29-A147-309EE255C10A}.Release|Any CPU.ActiveCfg = Release|Any CPU
		{357BEB06-5599-4E29-A147-309EE255C10A}.Release|Any CPU.Build.0 = Release|Any CPU
	EndGlobalSection
	GlobalSection(SolutionProperties) = preSolution
		HideSolutionNode = FALSE
	EndGlobalSection
	GlobalSection(ExtensibilityGlobals) = postSolution
		SolutionGuid = {EB4EC32A-79E1-469C-BCD6-166DD28D001F}
	EndGlobalSection
EndGlobal
