
Microsoft Visual Studio Solution File, Format Version 11.00
# Visual Studio 2010
Project("{FAE04EC0-301F-11D3-BF4B-00C04F79EFBC}") = "VTClassic", "VTClassic\VTClassic.csproj", "{5677ED44-EBA2-4CDC-B106-8480051400A0}"
EndProject
Global
	GlobalSection(TeamFoundationVersionControl) = preSolution
		SccNumberOfProjects = 2
		SccEnterpriseProvider = {4CA58AB2-18FA-4F8D-95D4-32DDF27D184C}
		SccTeamFoundationServer = https://tfs.codeplex.com/tfs/tfs29
		SccLocalPath0 = .
		SccProjectUniqueName1 = VTClassic\\VTClassic.csproj
		SccProjectName1 = VTClassic
		SccLocalPath1 = VTClassic
	EndGlobalSection
	GlobalSection(SolutionConfigurationPlatforms) = preSolution
		Debug|Any CPU = Debug|Any CPU
		Release|Any CPU = Release|Any CPU
	EndGlobalSection
	GlobalSection(ProjectConfigurationPlatforms) = postSolution
		{5677ED44-EBA2-4CDC-B106-8480051400A0}.Debug|Any CPU.ActiveCfg = Debug|Any CPU
		{5677ED44-EBA2-4CDC-B106-8480051400A0}.Debug|Any CPU.Build.0 = Debug|Any CPU
		{5677ED44-EBA2-4CDC-B106-8480051400A0}.Release|Any CPU.ActiveCfg = Release|Any CPU
		{5677ED44-EBA2-4CDC-B106-8480051400A0}.Release|Any CPU.Build.0 = Release|Any CPU
	EndGlobalSection
	GlobalSection(SolutionProperties) = preSolution
		HideSolutionNode = FALSE
	EndGlobalSection
EndGlobal
