Microsoft Visual Studio Solution File, Format Version 12.00
# Visual Studio Version 17
VisualStudioVersion = 17.8.34330.188
MinimumVisualStudioVersion = 10.0.40219.1
Project("{9A19103F-16F7-4668-BE54-9A1E7A4F7556}") = "Mag-LootParser", "Mag-LootParser.csproj", "{888649B6-7E49-45AF-8B04-804335D2C3D2}"
EndProject
Global
	GlobalSection(SolutionConfigurationPlatforms) = preSolution
		Debug|Any CPU = Debug|Any CPU
		Release|Any CPU = Release|Any CPU
	EndGlobalSection
	GlobalSection(ProjectConfigurationPlatforms) = postSolution
		{888649B6-7E49-45AF-8B04-804335D2C3D2}.Debug|Any CPU.ActiveCfg = Debug|Any CPU
		{888649B6-7E49-45AF-8B04-804335D2C3D2}.Debug|Any CPU.Build.0 = Debug|Any CPU
		{888649B6-7E49-45AF-8B04-804335D2C3D2}.Release|Any CPU.ActiveCfg = Release|Any CPU
		{888649B6-7E49-45AF-8B04-804335D2C3D2}.Release|Any CPU.Build.0 = Release|Any CPU
	EndGlobalSection
	GlobalSection(SolutionProperties) = preSolution
		HideSolutionNode = FALSE
	EndGlobalSection
	GlobalSection(ExtensibilityGlobals) = postSolution
		SolutionGuid = {06E9677D-ED81-46EF-8F2E-37C872C78478}
	EndGlobalSection
EndGlobal
