Microsoft Visual Studio Solution File, Format Version 12.00
# Visual Studio Version 17
VisualStudioVersion = 17.8.34330.188
MinimumVisualStudioVersion = 10.0.40219.1
Project("{9A19103F-16F7-4668-BE54-9A1E7A4F7556}") = "Mag-WorldObjectParser", "Mag-WorldObjectParser.csproj", "{275310CA-DE4F-415A-A78A-F53DF332509A}"
EndProject
Global
	GlobalSection(SolutionConfigurationPlatforms) = preSolution
		Debug|Any CPU = Debug|Any CPU
		Release|Any CPU = Release|Any CPU
	EndGlobalSection
	GlobalSection(ProjectConfigurationPlatforms) = postSolution
		{275310CA-DE4F-415A-A78A-F53DF332509A}.Debug|Any CPU.ActiveCfg = Debug|Any CPU
		{275310CA-DE4F-415A-A78A-F53DF332509A}.Debug|Any CPU.Build.0 = Debug|Any CPU
		{275310CA-DE4F-415A-A78A-F53DF332509A}.Release|Any CPU.ActiveCfg = Release|Any CPU
		{275310CA-DE4F-415A-A78A-F53DF332509A}.Release|Any CPU.Build.0 = Release|Any CPU
	EndGlobalSection
	GlobalSection(SolutionProperties) = preSolution
		HideSolutionNode = FALSE
	EndGlobalSection
	GlobalSection(ExtensibilityGlobals) = postSolution
		SolutionGuid = {075B80C3-C881-4A34-85C4-7FE44D069867}
	EndGlobalSection
EndGlobal
